{
  "requires": true,
  "lockfileVersion": 1,
  "dependencies": {
    "recoil": {
      "version": "0.0.10",
      "resolved": "https://registry.npmjs.org/recoil/-/recoil-0.0.10.tgz",
      "integrity": "sha512-+9gRqehw3yKETmoZbhSnWu4GO10HDb5xYf1CjLF1oXGK2uT6GX5Lu9mfTXwjxV/jXxEKx8MIRUUbgPxvbJ8SEw=="
    }
  }
}
